
Microsoft Visual Studio Solution File, Format Version 12.00
# Visual Studio Version 17
VisualStudioVersion = 17.8.34525.116
MinimumVisualStudioVersion = 10.0.40219.1
Project("{2150E333-8FDC-42A3-9474-1A3956D46DE8}") = "Task1", "Task1", "{5B2A4D13-2D90-40D6-8775-4F37CF8CA6B8}"
EndProject
Project("{9A19103F-16F7-4668-BE54-9A1E7A4F7556}") = "MaximTasks.Task1", "Task1\MaximTasks.Task1\MaximTasks.Task1.csproj", "{9CD66BDE-0AE0-467C-BED2-B38CC28ACA82}"
EndProject
Project("{9A19103F-16F7-4668-BE54-9A1E7A4F7556}") = "MaximTasks.Task1.Lib", "Task1\MaximTasks.Task1.Lib\MaximTasks.Task1.Lib.csproj", "{DE442BD7-7D79-4DF1-AB70-DF3C2C58B1A3}"
EndProject
Project("{9A19103F-16F7-4668-BE54-9A1E7A4F7556}") = "MaximTasks.Task.WebAPI", "Task1\MaximTasks.Task.WebAPI\MaximTasks.Task.WebAPI.csproj", "{2605D262-2897-4385-8DDA-A038A0F042B1}"
EndProject
Global
	GlobalSection(SolutionConfigurationPlatforms) = preSolution
		Debug|Any CPU = Debug|Any CPU
		Release|Any CPU = Release|Any CPU
	EndGlobalSection
	GlobalSection(ProjectConfigurationPlatforms) = postSolution
		{9CD66BDE-0AE0-467C-BED2-B38CC28ACA82}.Debug|Any CPU.ActiveCfg = Debug|Any CPU
		{9CD66BDE-0AE0-467C-BED2-B38CC28ACA82}.Debug|Any CPU.Build.0 = Debug|Any CPU
		{9CD66BDE-0AE0-467C-BED2-B38CC28ACA82}.Release|Any CPU.ActiveCfg = Release|Any CPU
		{9CD66BDE-0AE0-467C-BED2-B38CC28ACA82}.Release|Any CPU.Build.0 = Release|Any CPU
		{DE442BD7-7D79-4DF1-AB70-DF3C2C58B1A3}.Debug|Any CPU.ActiveCfg = Debug|Any CPU
		{DE442BD7-7D79-4DF1-AB70-DF3C2C58B1A3}.Debug|Any CPU.Build.0 = Debug|Any CPU
		{DE442BD7-7D79-4DF1-AB70-DF3C2C58B1A3}.Release|Any CPU.ActiveCfg = Release|Any CPU
		{DE442BD7-7D79-4DF1-AB70-DF3C2C58B1A3}.Release|Any CPU.Build.0 = Release|Any CPU
		{2605D262-2897-4385-8DDA-A038A0F042B1}.Debug|Any CPU.ActiveCfg = Debug|Any CPU
		{2605D262-2897-4385-8DDA-A038A0F042B1}.Debug|Any CPU.Build.0 = Debug|Any CPU
		{2605D262-2897-4385-8DDA-A038A0F042B1}.Release|Any CPU.ActiveCfg = Release|Any CPU
		{2605D262-2897-4385-8DDA-A038A0F042B1}.Release|Any CPU.Build.0 = Release|Any CPU
	EndGlobalSection
	GlobalSection(SolutionProperties) = preSolution
		HideSolutionNode = FALSE
	EndGlobalSection
	GlobalSection(NestedProjects) = preSolution
		{9CD66BDE-0AE0-467C-BED2-B38CC28ACA82} = {5B2A4D13-2D90-40D6-8775-4F37CF8CA6B8}
		{DE442BD7-7D79-4DF1-AB70-DF3C2C58B1A3} = {5B2A4D13-2D90-40D6-8775-4F37CF8CA6B8}
		{2605D262-2897-4385-8DDA-A038A0F042B1} = {5B2A4D13-2D90-40D6-8775-4F37CF8CA6B8}
	EndGlobalSection
	GlobalSection(ExtensibilityGlobals) = postSolution
		SolutionGuid = {50C45436-3D35-4C8C-8DF7-9CE1297A2290}
	EndGlobalSection
EndGlobal
